PODS:
  - Apollo (0.9.5):
    - Apollo/Core (= 0.9.5)
  - Apollo/Core (0.9.5)
  - LMGDataAccess (1.0.11):
    - LMGDomain (~> 1.0.18)
  - LMGDomain (1.0.18)
  - LMGNotificationBus (1.0.9):
    - LMGDomain (~> 1.0.13)
  - LMGRemoteData (1.0.18):
    - Apollo (~> 0.9.1)
    - LMGDataAccess (~> 1.0.11)
    - LMGNotificationBus (~> 1.0.9)

DEPENDENCIES:
  - LMGRemoteData (from `../`)

SPEC REPOS:
  https://github.com/cocoapods/specs.git:
    - Apollo
    - LMGDataAccess
    - LMGDomain
    - LMGNotificationBus

EXTERNAL SOURCES:
  LMGRemoteData:
    :path: "../"

SPEC CHECKSUMS:
  Apollo: 19caf3246d292bbb69ecad1bd098661f78222aba
  LMGDataAccess: eb28f5f8d9164777b2fe4f090dd0d3bbcd970163
  LMGDomain: 863d9fab6e4cb39c0c8f29cadfb7fbc2252781d2
  LMGNotificationBus: dd6d23ac36ed9b2831822df2e5e0778580bb6d04
  LMGRemoteData: 3f8798f4d4d2cc1c2e1d3929863300a798db3bc4

PODFILE CHECKSUM: ad96e676ee533573b82838191407daf46c100e38

COCOAPODS: 1.5.3
